// !$*UTF8*$!
{
	archiveVersion = 1;
	classes = {
	};
	objectVersion = 50;
	objects = {

/* Begin PBXBuildFile section */
		5B63DD68272A7ECD00D1764C /* AppDelegate.swift in Sources */ = {isa = PBXBuildFile; fileRef = 5B63DD67272A7ECD00D1764C /* AppDelegate.swift */; };
		5B63DD6A272A7ECD00D1764C /* SceneDelegate.swift in Sources */ = {isa = PBXBuildFile; fileRef = 5B63DD69272A7ECD00D1764C /* SceneDelegate.swift */; };
		5B63DD6C272A7ECD00D1764C /* ViewController.swift in Sources */ = {isa = PBXBuildFile; fileRef = 5B63DD6B272A7ECD00D1764C /* ViewController.swift */; };
		5B63DD6F272A7ECD00D1764C /* Main.storyboard in Resources */ = {isa = PBXBuildFile; fileRef = 5B63DD6D272A7ECD00D1764C /* Main.storyboard */; };
		5B63DD71272A7ECE00D1764C /* Assets.xcassets in Resources */ = {isa = PBXBuildFile; fileRef = 5B63DD70272A7ECE00D1764C /* Assets.xcassets */; };
		5B63DD74272A7ECE00D1764C /* LaunchScreen.storyboard in Resources */ = {isa = PBXBuildFile; fileRef = 5B63DD72272A7ECE00D1764C /* LaunchScreen.storyboard */; };
		5B63DD7F272A7ECE00D1764C /* MapkitAndCoreLocationTests.swift in Sources */ = {isa = PBXBuildFile; fileRef = 5B63DD7E272A7ECE00D1764C /* MapkitAndCoreLocationTests.swift */; };
		5B63DD8A272A7ECE00D1764C /* MapkitAndCoreLocationUITests.swift in Sources */ = {isa = PBXBuildFile; fileRef = 5B63DD89272A7ECE00D1764C /* MapkitAndCoreLocationUITests.swift */; };
/* End PBXBuildFile section */

/* Begin PBXContainerItemProxy section */
		5B63DD7B272A7ECE00D1764C /* PBXContainerItemProxy */ = {
			isa = PBXContainerItemProxy;
			containerPortal = 5B63DD5C272A7ECD00D1764C /* Project object */;
			proxyType = 1;
			remoteGlobalIDString = 5B63DD63272A7ECD00D1764C;
			remoteInfo = MapkitAndCoreLocation;
		};
		5B63DD86272A7ECE00D1764C /* PBXContainerItemProxy */ = {
			isa = PBXContainerItemProxy;
			containerPortal = 5B63DD5C272A7ECD00D1764C /* Project object */;
			proxyType = 1;
			remoteGlobalIDString = 5B63DD63272A7ECD00D1764C;
			remoteInfo = MapkitAndCoreLocation;
		};
/* End PBXContainerItemProxy section */

/* Begin PBXFileReference section */
		5B63DD64272A7ECD00D1764C /* MapkitAndCoreLocation.app */ = {isa = PBXFileReference; explicitFileType = wrapper.application; includeInIndex = 0; path = MapkitAndCoreLocation.app; sourceTree = BUILT_PRODUCTS_DIR; };
		5B63DD67272A7ECD00D1764C /* AppDelegate.swift */ = {isa = PBXFileReference; lastKnownFileType = sourcecode.swift; path = AppDelegate.swift; sourceTree = "<group>"; };
		5B63DD69272A7ECD00D1764C /* SceneDelegate.swift */ = {isa = PBXFileReference; lastKnownFileType = sourcecode.swift; path = SceneDelegate.swift; sourceTree = "<group>"; };
		5B63DD6B272A7ECD00D1764C /* ViewController.swift */ = {isa = PBXFileReference; lastKnownFileType = sourcecode.swift; path = ViewController.swift; sourceTree = "<group>"; };
		5B63DD6E272A7ECD00D1764C /* Base */ = {isa = PBXFileReference; lastKnownFileType = file.storyboard; name = Base; path = Base.lproj/Main.storyboard; sourceTree = "<group>"; };
		5B63DD70272A7ECE00D1764C /* Assets.xcassets */ = {isa = PBXFileReference; lastKnownFileType = folder.assetcatalog; path = Assets.xcassets; sourceTree = "<group>"; };
		5B63DD73272A7ECE00D1764C /* Base */ = {isa = PBXFileReference; lastKnownFileType = file.storyboard; name = Base; path = Base.lproj/LaunchScreen.storyboard; sourceTree = "<group>"; };
		5B63DD75272A7ECE00D1764C /* Info.plist */ = {isa = PBXFileReference; lastKnownFileType = text.plist.xml; path = Info.plist; sourceTree = "<group>"; };
		5B63DD7A272A7ECE00D1764C /* MapkitAndCoreLocationTests.xctest */ = {isa = PBXFileReference; explicitFileType = wrapper.cfbundle; includeInIndex = 0; path = MapkitAndCoreLocationTests.xctest; sourceTree = BUILT_PRODUCTS_DIR; };
		5B63DD7E272A7ECE00D1764C /* MapkitAndCoreLocationTests.swift */ = {isa = PBXFileReference; lastKnownFileType = sourcecode.swift; path = MapkitAndCoreLocationTests.swift; sourceTree = "<group>"; };
		5B63DD80272A7ECE00D1764C /* Info.plist */ = {isa = PBXFileReference; lastKnownFileType = text.plist.xml; path = Info.plist; sourceTree = "<group>"; };
		5B63DD85272A7ECE00D1764C /* MapkitAndCoreLocationUITests.xctest */ = {isa = PBXFileReference; explicitFileType = wrapper.cfbundle; includeInIndex = 0; path = MapkitAndCoreLocationUITests.xctest; sourceTree = BUILT_PRODUCTS_DIR; };
		5B63DD89272A7ECE00D1764C /* MapkitAndCoreLocationUITests.swift */ = {isa = PBXFileReference; lastKnownFileType = sourcecode.swift; path = MapkitAndCoreLocationUITests.swift; sourceTree = "<group>"; };
		5B63DD8B272A7ECE00D1764C /* Info.plist */ = {isa = PBXFileReference; lastKnownFileType = text.plist.xml; path = Info.plist; sourceTree = "<group>"; };
/* End PBXFileReference section */

/* Begin PBXFrameworksBuildPhase section */
		5B63DD61272A7ECD00D1764C /* Frameworks */ = {
			isa = PBXFrameworksBuildPhase;
			buildActionMask = 2147483647;
			files = (
			);
			runOnlyForDeploymentPostprocessing = 0;
		};
		5B63DD77272A7ECE00D1764C /* Frameworks */ = {
			isa = PBXFrameworksBuildPhase;
			buildActionMask = 2147483647;
			files = (
			);
			runOnlyForDeploymentPostprocessing = 0;
		};
		5B63DD82272A7ECE00D1764C /* Frameworks */ = {
			isa = PBXFrameworksBuildPhase;
			buildActionMask = 2147483647;
			files = (
			);
			runOnlyForDeploymentPostprocessing = 0;
		};
/* End PBXFrameworksBuildPhase section */

/* Begin PBXGroup section */
		5B63DD5B272A7ECD00D1764C = {
			isa = PBXGroup;
			children = (
				5B63DD66272A7ECD00D1764C /* MapkitAndCoreLocation */,
				5B63DD7D272A7ECE00D1764C /* MapkitAndCoreLocationTests */,
				5B63DD88272A7ECE00D1764C /* MapkitAndCoreLocationUITests */,
				5B63DD65272A7ECD00D1764C /* Products */,
			);
			sourceTree = "<group>";
		};
		5B63DD65272A7ECD00D1764C /* Products */ = {
			isa = PBXGroup;
			children = (
				5B63DD64272A7ECD00D1764C /* MapkitAndCoreLocation.app */,
				5B63DD7A272A7ECE00D1764C /* MapkitAndCoreLocationTests.xctest */,
				5B63DD85272A7ECE00D1764C /* MapkitAndCoreLocationUITests.xctest */,
			);
			name = Products;
			sourceTree = "<group>";
		};
		5B63DD66272A7ECD00D1764C /* MapkitAndCoreLocation */ = {
			isa = PBXGroup;
			children = (
				5B63DD67272A7ECD00D1764C /* AppDelegate.swift */,
				5B63DD69272A7ECD00D1764C /* SceneDelegate.swift */,
				5B63DD6B272A7ECD00D1764C /* ViewController.swift */,
				5B63DD6D272A7ECD00D1764C /* Main.storyboard */,
				5B63DD70272A7ECE00D1764C /* Assets.xcassets */,
				5B63DD72272A7ECE00D1764C /* LaunchScreen.storyboard */,
				5B63DD75272A7ECE00D1764C /* Info.plist */,
			);
			path = MapkitAndCoreLocation;
			sourceTree = "<group>";
		};
		5B63DD7D272A7ECE00D1764C /* MapkitAndCoreLocationTests */ = {
			isa = PBXGroup;
			children = (
				5B63DD7E272A7ECE00D1764C /* MapkitAndCoreLocationTests.swift */,
				5B63DD80272A7ECE00D1764C /* Info.plist */,
			);
			path = MapkitAndCoreLocationTests;
			sourceTree = "<group>";
		};
		5B63DD88272A7ECE00D1764C /* MapkitAndCoreLocationUITests */ = {
			isa = PBXGroup;
			children = (
				5B63DD89272A7ECE00D1764C /* MapkitAndCoreLocationUITests.swift */,
				5B63DD8B272A7ECE00D1764C /* Info.plist */,
			);
			path = MapkitAndCoreLocationUITests;
			sourceTree = "<group>";
		};
/* End PBXGroup section */

/* Begin PBXNativeTarget section */
		5B63DD63272A7ECD00D1764C /* MapkitAndCoreLocation */ = {
			isa = PBXNativeTarget;
			buildConfigurationList = 5B63DD8E272A7ECE00D1764C /* Build configuration list for PBXNativeTarget "MapkitAndCoreLocation" */;
			buildPhases = (
				5B63DD60272A7ECD00D1764C /* Sources */,
				5B63DD61272A7ECD00D1764C /* Frameworks */,
				5B63DD62272A7ECD00D1764C /* Resources */,
			);
			buildRules = (
			);
			dependencies = (
			);
			name = MapkitAndCoreLocation;
			productName = MapkitAndCoreLocation;
			productReference = 5B63DD64272A7ECD00D1764C /* MapkitAndCoreLocation.app */;
			productType = "com.apple.product-type.application";
		};
		5B63DD79272A7ECE00D1764C /* MapkitAndCoreLocationTests */ = {
			isa = PBXNativeTarget;
			buildConfigurationList = 5B63DD91272A7ECE00D1764C /* Build configuration list for PBXNativeTarget "MapkitAndCoreLocationTests" */;
			buildPhases = (
				5B63DD76272A7ECE00D1764C /* Sources */,
				5B63DD77272A7ECE00D1764C /* Frameworks */,
				5B63DD78272A7ECE00D1764C /* Resources */,
			);
			buildRules = (
			);
			dependencies = (
				5B63DD7C272A7ECE00D1764C /* PBXTargetDependency */,
			);
			name = MapkitAndCoreLocationTests;
			productName = MapkitAndCoreLocationTests;
			productReference = 5B63DD7A272A7ECE00D1764C /* MapkitAndCoreLocationTests.xctest */;
			productType = "com.apple.product-type.bundle.unit-test";
		};
		5B63DD84272A7ECE00D1764C /* MapkitAndCoreLocationUITests */ = {
			isa = PBXNativeTarget;
			buildConfigurationList = 5B63DD94272A7ECE00D1764C /* Build configuration list for PBXNativeTarget "MapkitAndCoreLocationUITests" */;
			buildPhases = (
				5B63DD81272A7ECE00D1764C /* Sources */,
				5B63DD82272A7ECE00D1764C /* Frameworks */,
				5B63DD83272A7ECE00D1764C /* Resources */,
			);
			buildRules = (
			);
			dependencies = (
				5B63DD87272A7ECE00D1764C /* PBXTargetDependency */,
			);
			name = MapkitAndCoreLocationUITests;
			productName = MapkitAndCoreLocationUITests;
			productReference = 5B63DD85272A7ECE00D1764C /* MapkitAndCoreLocationUITests.xctest */;
			productType = "com.apple.product-type.bundle.ui-testing";
		};
/* End PBXNativeTarget section */

/* Begin PBXProject section */
		5B63DD5C272A7ECD00D1764C /* Project object */ = {
			isa = PBXProject;
			attributes = {
				LastSwiftUpdateCheck = 1240;
				LastUpgradeCheck = 1240;
				TargetAttributes = {
					5B63DD63272A7ECD00D1764C = {
						CreatedOnToolsVersion = 12.4;
					};
					5B63DD79272A7ECE00D1764C = {
						CreatedOnToolsVersion = 12.4;
						TestTargetID = 5B63DD63272A7ECD00D1764C;
					};
					5B63DD84272A7ECE00D1764C = {
						CreatedOnToolsVersion = 12.4;
						TestTargetID = 5B63DD63272A7ECD00D1764C;
					};
				};
			};
			buildConfigurationList = 5B63DD5F272A7ECD00D1764C /* Build configuration list for PBXProject "MapkitAndCoreLocation" */;
			compatibilityVersion = "Xcode 9.3";
			developmentRegion = en;
			hasScannedForEncodings = 0;
			knownRegions = (
				en,
				Base,
			);
			mainGroup = 5B63DD5B272A7ECD00D1764C;
			productRefGroup = 5B63DD65272A7ECD00D1764C /* Products */;
			projectDirPath = "";
			projectRoot = "";
			targets = (
				5B63DD63272A7ECD00D1764C /* MapkitAndCoreLocation */,
				5B63DD79272A7ECE00D1764C /* MapkitAndCoreLocationTests */,
				5B63DD84272A7ECE00D1764C /* MapkitAndCoreLocationUITests */,
			);
		};
/* End PBXProject section */

/* Begin PBXResourcesBuildPhase section */
		5B63DD62272A7ECD00D1764C /* Resources */ = {
			isa = PBXResourcesBuildPhase;
			buildActionMask = 2147483647;
			files = (
				5B63DD74272A7ECE00D1764C /* LaunchScreen.storyboard in Resources */,
				5B63DD71272A7ECE00D1764C /* Assets.xcassets in Resources */,
				5B63DD6F272A7ECD00D1764C /* Main.storyboard in Resources */,
			);
			runOnlyForDeploymentPostprocessing = 0;
		};
		5B63DD78272A7ECE00D1764C /* Resources */ = {
			isa = PBXResourcesBuildPhase;
			buildActionMask = 2147483647;
			files = (
			);
			runOnlyForDeploymentPostprocessing = 0;
		};
		5B63DD83272A7ECE00D1764C /* Resources */ = {
			isa = PBXResourcesBuildPhase;
			buildActionMask = 2147483647;
			files = (
			);
			runOnlyForDeploymentPostprocessing = 0;
		};
/* End PBXResourcesBuildPhase section */

/* Begin PBXSourcesBuildPhase section */
		5B63DD60272A7ECD00D1764C /* Sources */ = {
			isa = PBXSourcesBuildPhase;
			buildActionMask = 2147483647;
			files = (
				5B63DD6C272A7ECD00D1764C /* ViewController.swift in Sources */,
				5B63DD68272A7ECD00D1764C /* AppDelegate.swift in Sources */,
				5B63DD6A272A7ECD00D1764C /* SceneDelegate.swift in Sources */,
			);
			runOnlyForDeploymentPostprocessing = 0;
		};
		5B63DD76272A7ECE00D1764C /* Sources */ = {
			isa = PBXSourcesBuildPhase;
			buildActionMask = 2147483647;
			files = (
				5B63DD7F272A7ECE00D1764C /* MapkitAndCoreLocationTests.swift in Sources */,
			);
			runOnlyForDeploymentPostprocessing = 0;
		};
		5B63DD81272A7ECE00D1764C /* Sources */ = {
			isa = PBXSourcesBuildPhase;
			buildActionMask = 2147483647;
			files = (
				5B63DD8A272A7ECE00D1764C /* MapkitAndCoreLocationUITests.swift in Sources */,
			);
			runOnlyForDeploymentPostprocessing = 0;
		};
/* End PBXSourcesBuildPhase section */

/* Begin PBXTargetDependency section */
		5B63DD7C272A7ECE00D1764C /* PBXTargetDependency */ = {
			isa = PBXTargetDependency;
			target = 5B63DD63272A7ECD00D1764C /* MapkitAndCoreLocation */;
			targetProxy = 5B63DD7B272A7ECE00D1764C /* PBXContainerItemProxy */;
		};
		5B63DD87272A7ECE00D1764C /* PBXTargetDependency */ = {
			isa = PBXTargetDependency;
			target = 5B63DD63272A7ECD00D1764C /* MapkitAndCoreLocation */;
			targetProxy = 5B63DD86272A7ECE00D1764C /* PBXContainerItemProxy */;
		};
/* End PBXTargetDependency section */

/* Begin PBXVariantGroup section */
		5B63DD6D272A7ECD00D1764C /* Main.storyboard */ = {
			isa = PBXVariantGroup;
			children = (
				5B63DD6E272A7ECD00D1764C /* Base */,
			);
			name = Main.storyboard;
			sourceTree = "<group>";
		};
		5B63DD72272A7ECE00D1764C /* LaunchScreen.storyboard */ = {
			isa = PBXVariantGroup;
			children = (
				5B63DD73272A7ECE00D1764C /* Base */,
			);
			name = LaunchScreen.storyboard;
			sourceTree = "<group>";
		};
/* End PBXVariantGroup section */

/* Begin XCBuildConfiguration section */
		5B63DD8C272A7ECE00D1764C /* Debug */ = {
			isa = XCBuildConfiguration;
			buildSettings = {
				ALWAYS_SEARCH_USER_PATHS = NO;
				CLANG_ANALYZER_NONNULL = YES;
				CLANG_ANALYZER_NUMBER_OBJECT_CONVERSION = YES_AGGRESSIVE;
				CLANG_CXX_LANGUAGE_STANDARD = "gnu++14";
				CLANG_CXX_LIBRARY = "libc++";
				CLANG_ENABLE_MODULES = YES;
				CLANG_ENABLE_OBJC_ARC = YES;
				CLANG_ENABLE_OBJC_WEAK = YES;
				CLANG_WARN_BLOCK_CAPTURE_AUTORELEASING = YES;
				CLANG_WARN_BOOL_CONVERSION = YES;
				CLANG_WARN_COMMA = YES;
				CLANG_WARN_CONSTANT_CONVERSION = YES;
				CLANG_WARN_DEPRECATED_OBJC_IMPLEMENTATIONS = YES;
				CLANG_WARN_DIRECT_OBJC_ISA_USAGE = YES_ERROR;
				CLANG_WARN_DOCUMENTATION_COMMENTS = YES;
				CLANG_WARN_EMPTY_BODY = YES;
				CLANG_WARN_ENUM_CONVERSION = YES;
				CLANG_WARN_INFINITE_RECURSION = YES;
				CLANG_WARN_INT_CONVERSION = YES;
				CLANG_WARN_NON_LITERAL_NULL_CONVERSION = YES;
				CLANG_WARN_OBJC_IMPLICIT_RETAIN_SELF = YES;
				CLANG_WARN_OBJC_LITERAL_CONVERSION = YES;
				CLANG_WARN_OBJC_ROOT_CLASS = YES_ERROR;
				CLANG_WARN_QUOTED_INCLUDE_IN_FRAMEWORK_HEADER = YES;
				CLANG_WARN_RANGE_LOOP_ANALYSIS = YES;
				CLANG_WARN_STRICT_PROTOTYPES = YES;
				CLANG_WARN_SUSPICIOUS_MOVE = YES;
				CLANG_WARN_UNGUARDED_AVAILABILITY = YES_AGGRESSIVE;
				CLANG_WARN_UNREACHABLE_CODE = YES;
				CLANG_WARN__DUPLICATE_METHOD_MATCH = YES;
				COPY_PHASE_STRIP = NO;
				DEBUG_INFORMATION_FORMAT = dwarf;
				ENABLE_STRICT_OBJC_MSGSEND = YES;
				ENABLE_TESTABILITY = YES;
				GCC_C_LANGUAGE_STANDARD = gnu11;
				GCC_DYNAMIC_NO_PIC = NO;
				GCC_NO_COMMON_BLOCKS = YES;
				GCC_OPTIMIZATION_LEVEL = 0;
				GCC_PREPROCESSOR_DEFINITIONS = (
					"DEBUG=1",
					"$(inherited)",
				);
				GCC_WARN_64_TO_32_BIT_CONVERSION = YES;
				GCC_WARN_ABOUT_RETURN_TYPE = YES_ERROR;
				GCC_WARN_UNDECLARED_SELECTOR = YES;
				GCC_WARN_UNINITIALIZED_AUTOS = YES_AGGRESSIVE;
				GCC_WARN_UNUSED_FUNCTION = YES;
				GCC_WARN_UNUSED_VARIABLE = YES;
				IPHONEOS_DEPLOYMENT_TARGET = 14.4;
				MTL_ENABLE_DEBUG_INFO = INCLUDE_SOURCE;
				MTL_FAST_MATH = YES;
				ONLY_ACTIVE_ARCH = YES;
				SDKROOT = iphoneos;
				SWIFT_ACTIVE_COMPILATION_CONDITIONS = DEBUG;
				SWIFT_OPTIMIZATION_LEVEL = "-Onone";
			};
			name = Debug;
		};
		5B63DD8D272A7ECE00D1764C /* Release */ = {
			isa = XCBuildConfiguration;
			buildSettings = {
				ALWAYS_SEARCH_USER_PATHS = NO;
				CLANG_ANALYZER_NONNULL = YES;
				CLANG_ANALYZER_NUMBER_OBJECT_CONVERSION = YES_AGGRESSIVE;
				CLANG_CXX_LANGUAGE_STANDARD = "gnu++14";
				CLANG_CXX_LIBRARY = "libc++";
				CLANG_ENABLE_MODULES = YES;
				CLANG_ENABLE_OBJC_ARC = YES;
				CLANG_ENABLE_OBJC_WEAK = YES;
				CLANG_WARN_BLOCK_CAPTURE_AUTORELEASING = YES;
				CLANG_WARN_BOOL_CONVERSION = YES;
				CLANG_WARN_COMMA = YES;
				CLANG_WARN_CONSTANT_CONVERSION = YES;
				CLANG_WARN_DEPRECATED_OBJC_IMPLEMENTATIONS = YES;
				CLANG_WARN_DIRECT_OBJC_ISA_USAGE = YES_ERROR;
				CLANG_WARN_DOCUMENTATION_COMMENTS = YES;
				CLANG_WARN_EMPTY_BODY = YES;
				CLANG_WARN_ENUM_CONVERSION = YES;
				CLANG_WARN_INFINITE_RECURSION = YES;
				CLANG_WARN_INT_CONVERSION = YES;
				CLANG_WARN_NON_LITERAL_NULL_CONVERSION = YES;
				CLANG_WARN_OBJC_IMPLICIT_RETAIN_SELF = YES;
				CLANG_WARN_OBJC_LITERAL_CONVERSION = YES;
				CLANG_WARN_OBJC_ROOT_CLASS = YES_ERROR;
				CLANG_WARN_QUOTED_INCLUDE_IN_FRAMEWORK_HEADER = YES;
				CLANG_WARN_RANGE_LOOP_ANALYSIS = YES;
				CLANG_WARN_STRICT_PROTOTYPES = YES;
				CLANG_WARN_SUSPICIOUS_MOVE = YES;
				CLANG_WARN_UNGUARDED_AVAILABILITY = YES_AGGRESSIVE;
				CLANG_WARN_UNREACHABLE_CODE = YES;
				CLANG_WARN__DUPLICATE_METHOD_MATCH = YES;
				COPY_PHASE_STRIP = NO;
				DEBUG_INFORMATION_FORMAT = "dwarf-with-dsym";
				ENABLE_NS_ASSERTIONS = NO;
				ENABLE_STRICT_OBJC_MSGSEND = YES;
				GCC_C_LANGUAGE_STANDARD = gnu11;
				GCC_NO_COMMON_BLOCKS = YES;
				GCC_WARN_64_TO_32_BIT_CONVERSION = YES;
				GCC_WARN_ABOUT_RETURN_TYPE = YES_ERROR;
				GCC_WARN_UNDECLARED_SELECTOR = YES;
				GCC_WARN_UNINITIALIZED_AUTOS = YES_AGGRESSIVE;
				GCC_WARN_UNUSED_FUNCTION = YES;
				GCC_WARN_UNUSED_VARIABLE = YES;
				IPHONEOS_DEPLOYMENT_TARGET = 14.4;
				MTL_ENABLE_DEBUG_INFO = NO;
				MTL_FAST_MATH = YES;
				SDKROOT = iphoneos;
				SWIFT_COMPILATION_MODE = wholemodule;
				SWIFT_OPTIMIZATION_LEVEL = "-O";
				VALIDATE_PRODUCT = YES;
			};
			name = Release;
		};
		5B63DD8F272A7ECE00D1764C /* Debug */ = {
			isa = XCBuildConfiguration;
			buildSettings = {
				ASSETCATALOG_COMPILER_APPICON_NAME = AppIcon;
				ASSETCATALOG_COMPILER_GLOBAL_ACCENT_COLOR_NAME = AccentColor;
				CODE_SIGN_STYLE = Automatic;
				INFOPLIST_FILE = MapkitAndCoreLocation/Info.plist;
				LD_RUNPATH_SEARCH_PATHS = (
					"$(inherited)",
					"@executable_path/Frameworks",
				);
				PRODUCT_BUNDLE_IDENTIFIER = TTN.MapkitAndCoreLocation;
				PRODUCT_NAME = "$(TARGET_NAME)";
				SWIFT_VERSION = 5.0;
				TARGETED_DEVICE_FAMILY = "1,2";
			};
			name = Debug;
		};
		5B63DD90272A7ECE00D1764C /* Release */ = {
			isa = XCBuildConfiguration;
			buildSettings = {
				ASSETCATALOG_COMPILER_APPICON_NAME = AppIcon;
				ASSETCATALOG_COMPILER_GLOBAL_ACCENT_COLOR_NAME = AccentColor;
				CODE_SIGN_STYLE = Automatic;
				INFOPLIST_FILE = MapkitAndCoreLocation/Info.plist;
				LD_RUNPATH_SEARCH_PATHS = (
					"$(inherited)",
					"@executable_path/Frameworks",
				);
				PRODUCT_BUNDLE_IDENTIFIER = TTN.MapkitAndCoreLocation;
				PRODUCT_NAME = "$(TARGET_NAME)";
				SWIFT_VERSION = 5.0;
				TARGETED_DEVICE_FAMILY = "1,2";
			};
			name = Release;
		};
		5B63DD92272A7ECE00D1764C /* Debug */ = {
			isa = XCBuildConfiguration;
			buildSettings = {
				ALWAYS_EMBED_SWIFT_STANDARD_LIBRARIES = YES;
				BUNDLE_LOADER = "$(TEST_HOST)";
				CODE_SIGN_STYLE = Automatic;
				INFOPLIST_FILE = MapkitAndCoreLocationTests/Info.plist;
				IPHONEOS_DEPLOYMENT_TARGET = 14.4;
				LD_RUNPATH_SEARCH_PATHS = (
					"$(inherited)",
					"@executable_path/Frameworks",
					"@loader_path/Frameworks",
				);
				PRODUCT_BUNDLE_IDENTIFIER = TTN.MapkitAndCoreLocationTests;
				PRODUCT_NAME = "$(TARGET_NAME)";
				SWIFT_VERSION = 5.0;
				TARGETED_DEVICE_FAMILY = "1,2";
				TEST_HOST = "$(BUILT_PRODUCTS_DIR)/MapkitAndCoreLocation.app/MapkitAndCoreLocation";
			};
			name = Debug;
		};
		5B63DD93272A7ECE00D1764C /* Release */ = {
			isa = XCBuildConfiguration;
			buildSettings = {
				ALWAYS_EMBED_SWIFT_STANDARD_LIBRARIES = YES;
				BUNDLE_LOADER = "$(TEST_HOST)";
				CODE_SIGN_STYLE = Automatic;
				INFOPLIST_FILE = MapkitAndCoreLocationTests/Info.plist;
				IPHONEOS_DEPLOYMENT_TARGET = 14.4;
				LD_RUNPATH_SEARCH_PATHS = (
					"$(inherited)",
					"@executable_path/Frameworks",
					"@loader_path/Frameworks",
				);
				PRODUCT_BUNDLE_IDENTIFIER = TTN.MapkitAndCoreLocationTests;
				PRODUCT_NAME = "$(TARGET_NAME)";
				SWIFT_VERSION = 5.0;
				TARGETED_DEVICE_FAMILY = "1,2";
				TEST_HOST = "$(BUILT_PRODUCTS_DIR)/MapkitAndCoreLocation.app/MapkitAndCoreLocation";
			};
			name = Release;
		};
		5B63DD95272A7ECE00D1764C /* Debug */ = {
			isa = XCBuildConfiguration;
			buildSettings = {
				ALWAYS_EMBED_SWIFT_STANDARD_LIBRARIES = YES;
				CODE_SIGN_STYLE = Automatic;
				INFOPLIST_FILE = MapkitAndCoreLocationUITests/Info.plist;
				LD_RUNPATH_SEARCH_PATHS = (
					"$(inherited)",
					"@executable_path/Frameworks",
					"@loader_path/Frameworks",
				);
				PRODUCT_BUNDLE_IDENTIFIER = TTN.MapkitAndCoreLocationUITests;
				PRODUCT_NAME = "$(TARGET_NAME)";
				SWIFT_VERSION = 5.0;
				TARGETED_DEVICE_FAMILY = "1,2";
				TEST_TARGET_NAME = MapkitAndCoreLocation;
			};
			name = Debug;
		};
		5B63DD96272A7ECE00D1764C /* Release */ = {
			isa = XCBuildConfiguration;
			buildSettings = {
				ALWAYS_EMBED_SWIFT_STANDARD_LIBRARIES = YES;
				CODE_SIGN_STYLE = Automatic;
				INFOPLIST_FILE = MapkitAndCoreLocationUITests/Info.plist;
				LD_RUNPATH_SEARCH_PATHS = (
					"$(inherited)",
					"@executable_path/Frameworks",
					"@loader_path/Frameworks",
				);
				PRODUCT_BUNDLE_IDENTIFIER = TTN.MapkitAndCoreLocationUITests;
				PRODUCT_NAME = "$(TARGET_NAME)";
				SWIFT_VERSION = 5.0;
				TARGETED_DEVICE_FAMILY = "1,2";
				TEST_TARGET_NAME = MapkitAndCoreLocation;
			};
			name = Release;
		};
/* End XCBuildConfiguration section */

/* Begin XCConfigurationList section */
		5B63DD5F272A7ECD00D1764C /* Build configuration list for PBXProject "MapkitAndCoreLocation" */ = {
			isa = XCConfigurationList;
			buildConfigurations = (
				5B63DD8C272A7ECE00D1764C /* Debug */,
				5B63DD8D272A7ECE00D1764C /* Release */,
			);
			defaultConfigurationIsVisible = 0;
			defaultConfigurationName = Release;
		};
		5B63DD8E272A7ECE00D1764C /* Build configuration list for PBXNativeTarget "MapkitAndCoreLocation" */ = {
			isa = XCConfigurationList;
			buildConfigurations = (
				5B63DD8F272A7ECE00D1764C /* Debug */,
				5B63DD90272A7ECE00D1764C /* Release */,
			);
			defaultConfigurationIsVisible = 0;
			defaultConfigurationName = Release;
		};
		5B63DD91272A7ECE00D1764C /* Build configuration list for PBXNativeTarget "MapkitAndCoreLocationTests" */ = {
			isa = XCConfigurationList;
			buildConfigurations = (
				5B63DD92272A7ECE00D1764C /* Debug */,
				5B63DD93272A7ECE00D1764C /* Release */,
			);
			defaultConfigurationIsVisible = 0;
			defaultConfigurationName = Release;
		};
		5B63DD94272A7ECE00D1764C /* Build configuration list for PBXNativeTarget "MapkitAndCoreLocationUITests" */ = {
			isa = XCConfigurationList;
			buildConfigurations = (
				5B63DD95272A7ECE00D1764C /* Debug */,
				5B63DD96272A7ECE00D1764C /* Release */,
			);
			defaultConfigurationIsVisible = 0;
			defaultConfigurationName = Release;
		};
/* End XCConfigurationList section */
	};
	rootObject = 5B63DD5C272A7ECD00D1764C /* Project object */;
}
