// !$*UTF8*$!
{
	archiveVersion = 1;
	classes = {
	};
	objectVersion = 55;
	objects = {

/* Begin PBXBuildFile section */
		5B57F5DB2739574000DBB89F /* AppDelegate.swift in Sources */ = {isa = PBXBuildFile; fileRef = 5B57F5DA2739574000DBB89F /* AppDelegate.swift */; };
		5B57F5DD2739574000DBB89F /* SceneDelegate.swift in Sources */ = {isa = PBXBuildFile; fileRef = 5B57F5DC2739574000DBB89F /* SceneDelegate.swift */; };
		5B57F5E22739574000DBB89F /* Main.storyboard in Resources */ = {isa = PBXBuildFile; fileRef = 5B57F5E02739574000DBB89F /* Main.storyboard */; };
		5B57F5E42739574200DBB89F /* Assets.xcassets in Resources */ = {isa = PBXBuildFile; fileRef = 5B57F5E32739574200DBB89F /* Assets.xcassets */; };
		5B57F5E72739574200DBB89F /* LaunchScreen.storyboard in Resources */ = {isa = PBXBuildFile; fileRef = 5B57F5E52739574200DBB89F /* LaunchScreen.storyboard */; };
		5BDD527E27398E8300E03950 /* CocoaViewController.swift in Sources */ = {isa = PBXBuildFile; fileRef = 5BDD527D27398E8300E03950 /* CocoaViewController.swift */; };
		5BDD528127398F2B00E03950 /* CocoaTableViewCell.swift in Sources */ = {isa = PBXBuildFile; fileRef = 5BDD528027398F2B00E03950 /* CocoaTableViewCell.swift */; };
		5BDD528427398F8400E03950 /* Item.swift in Sources */ = {isa = PBXBuildFile; fileRef = 5BDD528327398F8400E03950 /* Item.swift */; };
		5BDD52872739920600E03950 /* API.swift in Sources */ = {isa = PBXBuildFile; fileRef = 5BDD52862739920600E03950 /* API.swift */; };
		7E40EFCA4AE09626D98BB344 /* Pods_CocoaPods.framework in Frameworks */ = {isa = PBXBuildFile; fileRef = BE7B8C47F4DB4E6369DC0F05 /* Pods_CocoaPods.framework */; };
/* End PBXBuildFile section */

/* Begin PBXFileReference section */
		213FE08ED344DEE0630076F6 /* Pods-CocoaPods.release.xcconfig */ = {isa = PBXFileReference; includeInIndex = 1; lastKnownFileType = text.xcconfig; name = "Pods-CocoaPods.release.xcconfig"; path = "Target Support Files/Pods-CocoaPods/Pods-CocoaPods.release.xcconfig"; sourceTree = "<group>"; };
		5B57F5D72739574000DBB89F /* CocoaPods.app */ = {isa = PBXFileReference; explicitFileType = wrapper.application; includeInIndex = 0; path = CocoaPods.app; sourceTree = BUILT_PRODUCTS_DIR; };
		5B57F5DA2739574000DBB89F /* AppDelegate.swift */ = {isa = PBXFileReference; lastKnownFileType = sourcecode.swift; path = AppDelegate.swift; sourceTree = "<group>"; };
		5B57F5DC2739574000DBB89F /* SceneDelegate.swift */ = {isa = PBXFileReference; lastKnownFileType = sourcecode.swift; path = SceneDelegate.swift; sourceTree = "<group>"; };
		5B57F5E12739574000DBB89F /* Base */ = {isa = PBXFileReference; lastKnownFileType = file.storyboard; name = Base; path = Base.lproj/Main.storyboard; sourceTree = "<group>"; };
		5B57F5E32739574200DBB89F /* Assets.xcassets */ = {isa = PBXFileReference; lastKnownFileType = folder.assetcatalog; path = Assets.xcassets; sourceTree = "<group>"; };
		5B57F5E62739574200DBB89F /* Base */ = {isa = PBXFileReference; lastKnownFileType = file.storyboard; name = Base; path = Base.lproj/LaunchScreen.storyboard; sourceTree = "<group>"; };
		5B57F5E82739574200DBB89F /* Info.plist */ = {isa = PBXFileReference; lastKnownFileType = text.plist.xml; path = Info.plist; sourceTree = "<group>"; };
		5BDD527D27398E8300E03950 /* CocoaViewController.swift */ = {isa = PBXFileReference; lastKnownFileType = sourcecode.swift; path = CocoaViewController.swift; sourceTree = "<group>"; };
		5BDD528027398F2B00E03950 /* CocoaTableViewCell.swift */ = {isa = PBXFileReference; lastKnownFileType = sourcecode.swift; path = CocoaTableViewCell.swift; sourceTree = "<group>"; };
		5BDD528327398F8400E03950 /* Item.swift */ = {isa = PBXFileReference; lastKnownFileType = sourcecode.swift; path = Item.swift; sourceTree = "<group>"; };
		5BDD52862739920600E03950 /* API.swift */ = {isa = PBXFileReference; lastKnownFileType = sourcecode.swift; path = API.swift; sourceTree = "<group>"; };
		90246A8A863E712A6E8D4DBB /* Pods-CocoaPods.debug.xcconfig */ = {isa = PBXFileReference; includeInIndex = 1; lastKnownFileType = text.xcconfig; name = "Pods-CocoaPods.debug.xcconfig"; path = "Target Support Files/Pods-CocoaPods/Pods-CocoaPods.debug.xcconfig"; sourceTree = "<group>"; };
		BE7B8C47F4DB4E6369DC0F05 /* Pods_CocoaPods.framework */ = {isa = PBXFileReference; explicitFileType = wrapper.framework; includeInIndex = 0; path = Pods_CocoaPods.framework; sourceTree = BUILT_PRODUCTS_DIR; };
/* End PBXFileReference section */

/* Begin PBXFrameworksBuildPhase section */
		5B57F5D42739574000DBB89F /* Frameworks */ = {
			isa = PBXFrameworksBuildPhase;
			buildActionMask = 2147483647;
			files = (
				7E40EFCA4AE09626D98BB344 /* Pods_CocoaPods.framework in Frameworks */,
			);
			runOnlyForDeploymentPostprocessing = 0;
		};
/* End PBXFrameworksBuildPhase section */

/* Begin PBXGroup section */
		5B57F5CE2739574000DBB89F = {
			isa = PBXGroup;
			children = (
				5B57F5D92739574000DBB89F /* CocoaPods */,
				5B57F5D82739574000DBB89F /* Products */,
				DF66A70EF49273ACED7217ED /* Pods */,
				7D1322F414AD767FC5B0FD2F /* Frameworks */,
			);
			sourceTree = "<group>";
		};
		5B57F5D82739574000DBB89F /* Products */ = {
			isa = PBXGroup;
			children = (
				5B57F5D72739574000DBB89F /* CocoaPods.app */,
			);
			name = Products;
			sourceTree = "<group>";
		};
		5B57F5D92739574000DBB89F /* CocoaPods */ = {
			isa = PBXGroup;
			children = (
				5BDD5285273991F100E03950 /* Service */,
				5BDD528227398F6E00E03950 /* Model */,
				5BDD527F27398F0900E03950 /* View */,
				5BDD527C27398E5F00E03950 /* Controllers */,
				5B57F5DA2739574000DBB89F /* AppDelegate.swift */,
				5B57F5DC2739574000DBB89F /* SceneDelegate.swift */,
				5B57F5E02739574000DBB89F /* Main.storyboard */,
				5B57F5E32739574200DBB89F /* Assets.xcassets */,
				5B57F5E52739574200DBB89F /* LaunchScreen.storyboard */,
				5B57F5E82739574200DBB89F /* Info.plist */,
			);
			path = CocoaPods;
			sourceTree = "<group>";
		};
		5BDD527C27398E5F00E03950 /* Controllers */ = {
			isa = PBXGroup;
			children = (
				5BDD527D27398E8300E03950 /* CocoaViewController.swift */,
			);
			path = Controllers;
			sourceTree = "<group>";
		};
		5BDD527F27398F0900E03950 /* View */ = {
			isa = PBXGroup;
			children = (
				5BDD528027398F2B00E03950 /* CocoaTableViewCell.swift */,
			);
			path = View;
			sourceTree = "<group>";
		};
		5BDD528227398F6E00E03950 /* Model */ = {
			isa = PBXGroup;
			children = (
				5BDD528327398F8400E03950 /* Item.swift */,
			);
			path = Model;
			sourceTree = "<group>";
		};
		5BDD5285273991F100E03950 /* Service */ = {
			isa = PBXGroup;
			children = (
				5BDD52862739920600E03950 /* API.swift */,
			);
			path = Service;
			sourceTree = "<group>";
		};
		7D1322F414AD767FC5B0FD2F /* Frameworks */ = {
			isa = PBXGroup;
			children = (
				BE7B8C47F4DB4E6369DC0F05 /* Pods_CocoaPods.framework */,
			);
			name = Frameworks;
			sourceTree = "<group>";
		};
		DF66A70EF49273ACED7217ED /* Pods */ = {
			isa = PBXGroup;
			children = (
				90246A8A863E712A6E8D4DBB /* Pods-CocoaPods.debug.xcconfig */,
				213FE08ED344DEE0630076F6 /* Pods-CocoaPods.release.xcconfig */,
			);
			path = Pods;
			sourceTree = "<group>";
		};
/* End PBXGroup section */

/* Begin PBXNativeTarget section */
		5B57F5D62739574000DBB89F /* CocoaPods */ = {
			isa = PBXNativeTarget;
			buildConfigurationList = 5B57F5EB2739574200DBB89F /* Build configuration list for PBXNativeTarget "CocoaPods" */;
			buildPhases = (
				6DAA982A7B8E77B497A4374F /* [CP] Check Pods Manifest.lock */,
				5B57F5D32739574000DBB89F /* Sources */,
				5B57F5D42739574000DBB89F /* Frameworks */,
				5B57F5D52739574000DBB89F /* Resources */,
				26D939B3AD7FC7834DBD5B0C /* [CP] Embed Pods Frameworks */,
			);
			buildRules = (
			);
			dependencies = (
			);
			name = CocoaPods;
			productName = CocoaPods;
			productReference = 5B57F5D72739574000DBB89F /* CocoaPods.app */;
			productType = "com.apple.product-type.application";
		};
/* End PBXNativeTarget section */

/* Begin PBXProject section */
		5B57F5CF2739574000DBB89F /* Project object */ = {
			isa = PBXProject;
			attributes = {
				BuildIndependentTargetsInParallel = 1;
				LastSwiftUpdateCheck = 1300;
				LastUpgradeCheck = 1300;
				TargetAttributes = {
					5B57F5D62739574000DBB89F = {
						CreatedOnToolsVersion = 13.0;
					};
				};
			};
			buildConfigurationList = 5B57F5D22739574000DBB89F /* Build configuration list for PBXProject "CocoaPods" */;
			compatibilityVersion = "Xcode 13.0";
			developmentRegion = en;
			hasScannedForEncodings = 0;
			knownRegions = (
				en,
				Base,
			);
			mainGroup = 5B57F5CE2739574000DBB89F;
			productRefGroup = 5B57F5D82739574000DBB89F /* Products */;
			projectDirPath = "";
			projectRoot = "";
			targets = (
				5B57F5D62739574000DBB89F /* CocoaPods */,
			);
		};
/* End PBXProject section */

/* Begin PBXResourcesBuildPhase section */
		5B57F5D52739574000DBB89F /* Resources */ = {
			isa = PBXResourcesBuildPhase;
			buildActionMask = 2147483647;
			files = (
				5B57F5E72739574200DBB89F /* LaunchScreen.storyboard in Resources */,
				5B57F5E42739574200DBB89F /* Assets.xcassets in Resources */,
				5B57F5E22739574000DBB89F /* Main.storyboard in Resources */,
			);
			runOnlyForDeploymentPostprocessing = 0;
		};
/* End PBXResourcesBuildPhase section */

/* Begin PBXShellScriptBuildPhase section */
		26D939B3AD7FC7834DBD5B0C /* [CP] Embed Pods Frameworks */ = {
			isa = PBXShellScriptBuildPhase;
			buildActionMask = 2147483647;
			files = (
			);
			inputFileListPaths = (
				"${PODS_ROOT}/Target Support Files/Pods-CocoaPods/Pods-CocoaPods-frameworks-${CONFIGURATION}-input-files.xcfilelist",
			);
			name = "[CP] Embed Pods Frameworks";
			outputFileListPaths = (
				"${PODS_ROOT}/Target Support Files/Pods-CocoaPods/Pods-CocoaPods-frameworks-${CONFIGURATION}-output-files.xcfilelist",
			);
			runOnlyForDeploymentPostprocessing = 0;
			shellPath = /bin/sh;
			shellScript = "\"${PODS_ROOT}/Target Support Files/Pods-CocoaPods/Pods-CocoaPods-frameworks.sh\"\n";
			showEnvVarsInLog = 0;
		};
		6DAA982A7B8E77B497A4374F /* [CP] Check Pods Manifest.lock */ = {
			isa = PBXShellScriptBuildPhase;
			buildActionMask = 2147483647;
			files = (
			);
			inputFileListPaths = (
			);
			inputPaths = (
				"${PODS_PODFILE_DIR_PATH}/Podfile.lock",
				"${PODS_ROOT}/Manifest.lock",
			);
			name = "[CP] Check Pods Manifest.lock";
			outputFileListPaths = (
			);
			outputPaths = (
				"$(DERIVED_FILE_DIR)/Pods-CocoaPods-checkManifestLockResult.txt",
			);
			runOnlyForDeploymentPostprocessing = 0;
			shellPath = /bin/sh;
			shellScript = "diff \"${PODS_PODFILE_DIR_PATH}/Podfile.lock\" \"${PODS_ROOT}/Manifest.lock\" > /dev/null\nif [ $? != 0 ] ; then\n    # print error to STDERR\n    echo \"error: The sandbox is not in sync with the Podfile.lock. Run 'pod install' or update your CocoaPods installation.\" >&2\n    exit 1\nfi\n# This output is used by Xcode 'outputs' to avoid re-running this script phase.\necho \"SUCCESS\" > \"${SCRIPT_OUTPUT_FILE_0}\"\n";
			showEnvVarsInLog = 0;
		};
/* End PBXShellScriptBuildPhase section */

/* Begin PBXSourcesBuildPhase section */
		5B57F5D32739574000DBB89F /* Sources */ = {
			isa = PBXSourcesBuildPhase;
			buildActionMask = 2147483647;
			files = (
				5BDD527E27398E8300E03950 /* CocoaViewController.swift in Sources */,
				5B57F5DB2739574000DBB89F /* AppDelegate.swift in Sources */,
				5B57F5DD2739574000DBB89F /* SceneDelegate.swift in Sources */,
				5BDD528427398F8400E03950 /* Item.swift in Sources */,
				5BDD528127398F2B00E03950 /* CocoaTableViewCell.swift in Sources */,
				5BDD52872739920600E03950 /* API.swift in Sources */,
			);
			runOnlyForDeploymentPostprocessing = 0;
		};
/* End PBXSourcesBuildPhase section */

/* Begin PBXVariantGroup section */
		5B57F5E02739574000DBB89F /* Main.storyboard */ = {
			isa = PBXVariantGroup;
			children = (
				5B57F5E12739574000DBB89F /* Base */,
			);
			name = Main.storyboard;
			sourceTree = "<group>";
		};
		5B57F5E52739574200DBB89F /* LaunchScreen.storyboard */ = {
			isa = PBXVariantGroup;
			children = (
				5B57F5E62739574200DBB89F /* Base */,
			);
			name = LaunchScreen.storyboard;
			sourceTree = "<group>";
		};
/* End PBXVariantGroup section */

/* Begin XCBuildConfiguration section */
		5B57F5E92739574200DBB89F /* Debug */ = {
			isa = XCBuildConfiguration;
			buildSettings = {
				ALWAYS_SEARCH_USER_PATHS = NO;
				CLANG_ANALYZER_NONNULL = YES;
				CLANG_ANALYZER_NUMBER_OBJECT_CONVERSION = YES_AGGRESSIVE;
				CLANG_CXX_LANGUAGE_STANDARD = "gnu++17";
				CLANG_CXX_LIBRARY = "libc++";
				CLANG_ENABLE_MODULES = YES;
				CLANG_ENABLE_OBJC_ARC = YES;
				CLANG_ENABLE_OBJC_WEAK = YES;
				CLANG_WARN_BLOCK_CAPTURE_AUTORELEASING = YES;
				CLANG_WARN_BOOL_CONVERSION = YES;
				CLANG_WARN_COMMA = YES;
				CLANG_WARN_CONSTANT_CONVERSION = YES;
				CLANG_WARN_DEPRECATED_OBJC_IMPLEMENTATIONS = YES;
				CLANG_WARN_DIRECT_OBJC_ISA_USAGE = YES_ERROR;
				CLANG_WARN_DOCUMENTATION_COMMENTS = YES;
				CLANG_WARN_EMPTY_BODY = YES;
				CLANG_WARN_ENUM_CONVERSION = YES;
				CLANG_WARN_INFINITE_RECURSION = YES;
				CLANG_WARN_INT_CONVERSION = YES;
				CLANG_WARN_NON_LITERAL_NULL_CONVERSION = YES;
				CLANG_WARN_OBJC_IMPLICIT_RETAIN_SELF = YES;
				CLANG_WARN_OBJC_LITERAL_CONVERSION = YES;
				CLANG_WARN_OBJC_ROOT_CLASS = YES_ERROR;
				CLANG_WARN_QUOTED_INCLUDE_IN_FRAMEWORK_HEADER = YES;
				CLANG_WARN_RANGE_LOOP_ANALYSIS = YES;
				CLANG_WARN_STRICT_PROTOTYPES = YES;
				CLANG_WARN_SUSPICIOUS_MOVE = YES;
				CLANG_WARN_UNGUARDED_AVAILABILITY = YES_AGGRESSIVE;
				CLANG_WARN_UNREACHABLE_CODE = YES;
				CLANG_WARN__DUPLICATE_METHOD_MATCH = YES;
				COPY_PHASE_STRIP = NO;
				DEBUG_INFORMATION_FORMAT = dwarf;
				ENABLE_STRICT_OBJC_MSGSEND = YES;
				ENABLE_TESTABILITY = YES;
				GCC_C_LANGUAGE_STANDARD = gnu11;
				GCC_DYNAMIC_NO_PIC = NO;
				GCC_NO_COMMON_BLOCKS = YES;
				GCC_OPTIMIZATION_LEVEL = 0;
				GCC_PREPROCESSOR_DEFINITIONS = (
					"DEBUG=1",
					"$(inherited)",
				);
				GCC_WARN_64_TO_32_BIT_CONVERSION = YES;
				GCC_WARN_ABOUT_RETURN_TYPE = YES_ERROR;
				GCC_WARN_UNDECLARED_SELECTOR = YES;
				GCC_WARN_UNINITIALIZED_AUTOS = YES_AGGRESSIVE;
				GCC_WARN_UNUSED_FUNCTION = YES;
				GCC_WARN_UNUSED_VARIABLE = YES;
				IPHONEOS_DEPLOYMENT_TARGET = 15.0;
				MTL_ENABLE_DEBUG_INFO = INCLUDE_SOURCE;
				MTL_FAST_MATH = YES;
				ONLY_ACTIVE_ARCH = YES;
				SDKROOT = iphoneos;
				SWIFT_ACTIVE_COMPILATION_CONDITIONS = DEBUG;
				SWIFT_OPTIMIZATION_LEVEL = "-Onone";
			};
			name = Debug;
		};
		5B57F5EA2739574200DBB89F /* Release */ = {
			isa = XCBuildConfiguration;
			buildSettings = {
				ALWAYS_SEARCH_USER_PATHS = NO;
				CLANG_ANALYZER_NONNULL = YES;
				CLANG_ANALYZER_NUMBER_OBJECT_CONVERSION = YES_AGGRESSIVE;
				CLANG_CXX_LANGUAGE_STANDARD = "gnu++17";
				CLANG_CXX_LIBRARY = "libc++";
				CLANG_ENABLE_MODULES = YES;
				CLANG_ENABLE_OBJC_ARC = YES;
				CLANG_ENABLE_OBJC_WEAK = YES;
				CLANG_WARN_BLOCK_CAPTURE_AUTORELEASING = YES;
				CLANG_WARN_BOOL_CONVERSION = YES;
				CLANG_WARN_COMMA = YES;
				CLANG_WARN_CONSTANT_CONVERSION = YES;
				CLANG_WARN_DEPRECATED_OBJC_IMPLEMENTATIONS = YES;
				CLANG_WARN_DIRECT_OBJC_ISA_USAGE = YES_ERROR;
				CLANG_WARN_DOCUMENTATION_COMMENTS = YES;
				CLANG_WARN_EMPTY_BODY = YES;
				CLANG_WARN_ENUM_CONVERSION = YES;
				CLANG_WARN_INFINITE_RECURSION = YES;
				CLANG_WARN_INT_CONVERSION = YES;
				CLANG_WARN_NON_LITERAL_NULL_CONVERSION = YES;
				CLANG_WARN_OBJC_IMPLICIT_RETAIN_SELF = YES;
				CLANG_WARN_OBJC_LITERAL_CONVERSION = YES;
				CLANG_WARN_OBJC_ROOT_CLASS = YES_ERROR;
				CLANG_WARN_QUOTED_INCLUDE_IN_FRAMEWORK_HEADER = YES;
				CLANG_WARN_RANGE_LOOP_ANALYSIS = YES;
				CLANG_WARN_STRICT_PROTOTYPES = YES;
				CLANG_WARN_SUSPICIOUS_MOVE = YES;
				CLANG_WARN_UNGUARDED_AVAILABILITY = YES_AGGRESSIVE;
				CLANG_WARN_UNREACHABLE_CODE = YES;
				CLANG_WARN__DUPLICATE_METHOD_MATCH = YES;
				COPY_PHASE_STRIP = NO;
				DEBUG_INFORMATION_FORMAT = "dwarf-with-dsym";
				ENABLE_NS_ASSERTIONS = NO;
				ENABLE_STRICT_OBJC_MSGSEND = YES;
				GCC_C_LANGUAGE_STANDARD = gnu11;
				GCC_NO_COMMON_BLOCKS = YES;
				GCC_WARN_64_TO_32_BIT_CONVERSION = YES;
				GCC_WARN_ABOUT_RETURN_TYPE = YES_ERROR;
				GCC_WARN_UNDECLARED_SELECTOR = YES;
				GCC_WARN_UNINITIALIZED_AUTOS = YES_AGGRESSIVE;
				GCC_WARN_UNUSED_FUNCTION = YES;
				GCC_WARN_UNUSED_VARIABLE = YES;
				IPHONEOS_DEPLOYMENT_TARGET = 15.0;
				MTL_ENABLE_DEBUG_INFO = NO;
				MTL_FAST_MATH = YES;
				SDKROOT = iphoneos;
				SWIFT_COMPILATION_MODE = wholemodule;
				SWIFT_OPTIMIZATION_LEVEL = "-O";
				VALIDATE_PRODUCT = YES;
			};
			name = Release;
		};
		5B57F5EC2739574200DBB89F /* Debug */ = {
			isa = XCBuildConfiguration;
			baseConfigurationReference = 90246A8A863E712A6E8D4DBB /* Pods-CocoaPods.debug.xcconfig */;
			buildSettings = {
				ASSETCATALOG_COMPILER_APPICON_NAME = AppIcon;
				ASSETCATALOG_COMPILER_GLOBAL_ACCENT_COLOR_NAME = AccentColor;
				CODE_SIGN_STYLE = Automatic;
				CURRENT_PROJECT_VERSION = 1;
				GENERATE_INFOPLIST_FILE = YES;
				INFOPLIST_FILE = CocoaPods/Info.plist;
				INFOPLIST_KEY_UIApplicationSupportsIndirectInputEvents = YES;
				INFOPLIST_KEY_UILaunchStoryboardName = LaunchScreen;
				INFOPLIST_KEY_UIMainStoryboardFile = Main;
				INFOPLIST_KEY_UISupportedInterfaceOrientations_iPad = "UIInterfaceOrientationPortrait UIInterfaceOrientationPortraitUpsideDown UIInterfaceOrientationLandscapeLeft UIInterfaceOrientationLandscapeRight";
				INFOPLIST_KEY_UISupportedInterfaceOrientations_iPhone = "UIInterfaceOrientationPortrait UIInterfaceOrientationLandscapeLeft UIInterfaceOrientationLandscapeRight";
				LD_RUNPATH_SEARCH_PATHS = (
					"$(inherited)",
					"@executable_path/Frameworks",
				);
				MARKETING_VERSION = 1.0;
				PRODUCT_BUNDLE_IDENTIFIER = TTN.CocoaPods;
				PRODUCT_NAME = "$(TARGET_NAME)";
				SWIFT_EMIT_LOC_STRINGS = YES;
				SWIFT_VERSION = 5.0;
				TARGETED_DEVICE_FAMILY = "1,2";
			};
			name = Debug;
		};
		5B57F5ED2739574200DBB89F /* Release */ = {
			isa = XCBuildConfiguration;
			baseConfigurationReference = 213FE08ED344DEE0630076F6 /* Pods-CocoaPods.release.xcconfig */;
			buildSettings = {
				ASSETCATALOG_COMPILER_APPICON_NAME = AppIcon;
				ASSETCATALOG_COMPILER_GLOBAL_ACCENT_COLOR_NAME = AccentColor;
				CODE_SIGN_STYLE = Automatic;
				CURRENT_PROJECT_VERSION = 1;
				GENERATE_INFOPLIST_FILE = YES;
				INFOPLIST_FILE = CocoaPods/Info.plist;
				INFOPLIST_KEY_UIApplicationSupportsIndirectInputEvents = YES;
				INFOPLIST_KEY_UILaunchStoryboardName = LaunchScreen;
				INFOPLIST_KEY_UIMainStoryboardFile = Main;
				INFOPLIST_KEY_UISupportedInterfaceOrientations_iPad = "UIInterfaceOrientationPortrait UIInterfaceOrientationPortraitUpsideDown UIInterfaceOrientationLandscapeLeft UIInterfaceOrientationLandscapeRight";
				INFOPLIST_KEY_UISupportedInterfaceOrientations_iPhone = "UIInterfaceOrientationPortrait UIInterfaceOrientationLandscapeLeft UIInterfaceOrientationLandscapeRight";
				LD_RUNPATH_SEARCH_PATHS = (
					"$(inherited)",
					"@executable_path/Frameworks",
				);
				MARKETING_VERSION = 1.0;
				PRODUCT_BUNDLE_IDENTIFIER = TTN.CocoaPods;
				PRODUCT_NAME = "$(TARGET_NAME)";
				SWIFT_EMIT_LOC_STRINGS = YES;
				SWIFT_VERSION = 5.0;
				TARGETED_DEVICE_FAMILY = "1,2";
			};
			name = Release;
		};
/* End XCBuildConfiguration section */

/* Begin XCConfigurationList section */
		5B57F5D22739574000DBB89F /* Build configuration list for PBXProject "CocoaPods" */ = {
			isa = XCConfigurationList;
			buildConfigurations = (
				5B57F5E92739574200DBB89F /* Debug */,
				5B57F5EA2739574200DBB89F /* Release */,
			);
			defaultConfigurationIsVisible = 0;
			defaultConfigurationName = Release;
		};
		5B57F5EB2739574200DBB89F /* Build configuration list for PBXNativeTarget "CocoaPods" */ = {
			isa = XCConfigurationList;
			buildConfigurations = (
				5B57F5EC2739574200DBB89F /* Debug */,
				5B57F5ED2739574200DBB89F /* Release */,
			);
			defaultConfigurationIsVisible = 0;
			defaultConfigurationName = Release;
		};
/* End XCConfigurationList section */
	};
	rootObject = 5B57F5CF2739574000DBB89F /* Project object */;
}
